
Microsoft Visual Studio Solution File, Format Version 12.00
# Visual Studio 2015
Project("{FAE04EC0-301F-11D3-BF4B-00C04F79EFBC}") = "czolgiturczyn.CSharp", "czolgiturczyn.CSharp.csproj", "{A634F6EC-5849-32F1-C735-71D59C737715}"
EndProject
Global
	GlobalSection(SolutionConfigurationPlatforms) = preSolution
		Debug|Any CPU = Debug|Any CPU
		Release|Any CPU = Release|Any CPU
	EndGlobalSection
	GlobalSection(ProjectConfigurationPlatforms) = postSolution
		{A634F6EC-5849-32F1-C735-71D59C737715}.Debug|Any CPU.ActiveCfg = Debug|Any CPU
		{A634F6EC-5849-32F1-C735-71D59C737715}.Debug|Any CPU.Build.0 = Debug|Any CPU
		{A634F6EC-5849-32F1-C735-71D59C737715}.Release|Any CPU.ActiveCfg = Release|Any CPU
		{A634F6EC-5849-32F1-C735-71D59C737715}.Release|Any CPU.Build.0 = Release|Any CPU
	EndGlobalSection
	GlobalSection(SolutionProperties) = preSolution
		HideSolutionNode = FALSE
	EndGlobalSection
EndGlobal
